
Microsoft Visual Studio Solution File, Format Version 12.00
# Visual Studio 15
VisualStudioVersion = 15.0.28307.1169
MinimumVisualStudioVersion = 10.0.40219.1
Project("{F184B08F-C81C-45F6-A57F-5ABD9991F28F}") = "Taxitodo", "Taxitodo\Taxitodo.vbproj", "{5159BFA2-04B5-4AA7-8ADA-94B4ADF76267}"
EndProject
Global
	GlobalSection(SolutionConfigurationPlatforms) = preSolution
		Debug|Any CPU = Debug|Any CPU
		Release|Any CPU = Release|Any CPU
	EndGlobalSection
	GlobalSection(ProjectConfigurationPlatforms) = postSolution
		{5159BFA2-04B5-4AA7-8ADA-94B4ADF76267}.Debug|Any CPU.ActiveCfg = Debug|Any CPU
		{5159BFA2-04B5-4AA7-8ADA-94B4ADF76267}.Debug|Any CPU.Build.0 = Debug|Any CPU
		{5159BFA2-04B5-4AA7-8ADA-94B4ADF76267}.Release|Any CPU.ActiveCfg = Release|Any CPU
		{5159BFA2-04B5-4AA7-8ADA-94B4ADF76267}.Release|Any CPU.Build.0 = Release|Any CPU
	EndGlobalSection
	GlobalSection(SolutionProperties) = preSolution
		HideSolutionNode = FALSE
	EndGlobalSection
	GlobalSection(ExtensibilityGlobals) = postSolution
		SolutionGuid = {39E6C5C4-FDA8-4874-9C8F-3F6A57D092C3}
	EndGlobalSection
EndGlobal
